
Microsoft Visual Studio Solution File, Format Version 12.00
# Visual Studio 15
VisualStudioVersion = 15.0.28010.2036
MinimumVisualStudioVersion = 10.0.40219.1
Project("{FAE04EC0-301F-11D3-BF4B-00C04F79EFBC}") = "FakeBerthaPiSensorReceiver", "FakeBerthaPiSensorReceiver\FakeBerthaPiSensorReceiver.csproj", "{D3F53364-F0B2-4431-8AC4-562F098C1CA4}"
EndProject
Global
	GlobalSection(SolutionConfigurationPlatforms) = preSolution
		Debug|Any CPU = Debug|Any CPU
		Release|Any CPU = Release|Any CPU
	EndGlobalSection
	GlobalSection(ProjectConfigurationPlatforms) = postSolution
		{D3F53364-F0B2-4431-8AC4-562F098C1CA4}.Debug|Any CPU.ActiveCfg = Debug|Any CPU
		{D3F53364-F0B2-4431-8AC4-562F098C1CA4}.Debug|Any CPU.Build.0 = Debug|Any CPU
		{D3F53364-F0B2-4431-8AC4-562F098C1CA4}.Release|Any CPU.ActiveCfg = Release|Any CPU
		{D3F53364-F0B2-4431-8AC4-562F098C1CA4}.Release|Any CPU.Build.0 = Release|Any CPU
	EndGlobalSection
	GlobalSection(SolutionProperties) = preSolution
		HideSolutionNode = FALSE
	EndGlobalSection
	GlobalSection(ExtensibilityGlobals) = postSolution
		SolutionGuid = {0584AEA1-050D-491D-A389-FC02D9D5DBA7}
	EndGlobalSection
EndGlobal
